
Microsoft Visual Studio Solution File, Format Version 12.00
# Visual Studio Version 17
VisualStudioVersion = 17.14.37628.2 d17.14
MinimumVisualStudioVersion = 10.0.40219.1
Project("{FAE04EC0-301F-11D3-BF4B-00C04F79EFBC}") = "Bread_Calculator", "Bread_Calculator.csproj", "{AA072FB9-EE9B-400E-A9B4-A6533B9E9156}"
EndProject
Global
	GlobalSection(SolutionConfigurationPlatforms) = preSolution
		Debug|Any CPU = Debug|Any CPU
		Release|Any CPU = Release|Any CPU
	EndGlobalSection
	GlobalSection(ProjectConfigurationPlatforms) = postSolution
		{AA072FB9-EE9B-400E-A9B4-A6533B9E9156}.Debug|Any CPU.ActiveCfg = Debug|Any CPU
		{AA072FB9-EE9B-400E-A9B4-A6533B9E9156}.Debug|Any CPU.Build.0 = Debug|Any CPU
		{AA072FB9-EE9B-400E-A9B4-A6533B9E9156}.Release|Any CPU.ActiveCfg = Release|Any CPU
		{AA072FB9-EE9B-400E-A9B4-A6533B9E9156}.Release|Any CPU.Build.0 = Release|Any CPU
	EndGlobalSection
	GlobalSection(SolutionProperties) = preSolution
		HideSolutionNode = FALSE
	EndGlobalSection
	GlobalSection(ExtensibilityGlobals) = postSolution
		SolutionGuid = {F56377F4-3B01-4878-BE63-2307BA0BB46B}
	EndGlobalSection
EndGlobal
